
Microsoft Visual Studio Solution File, Format Version 12.00
# Visual Studio 15
VisualStudioVersion = 15.0.27130.2027
MinimumVisualStudioVersion = 10.0.40219.1
Project("{8BC9CEB8-8B4A-11D0-8D11-00A0C91BC942}") = "Test", "Test\Test.vcxproj", "{41F678EB-BE6A-4752-8CBB-391F3511409D}"
EndProject
Project("{8BC9CEB8-8B4A-11D0-8D11-00A0C91BC942}") = "DX11", "DX11\DX11.vcxproj", "{028C84A6-A299-410D-81E1-0CB7C49AA03F}"
EndProject
Global
	GlobalSection(SolutionConfigurationPlatforms) = preSolution
		Debug|x64 = Debug|x64
		Debug|x86 = Debug|x86
		Release|x64 = Release|x64
		Release|x86 = Release|x86
	EndGlobalSection
	GlobalSection(ProjectConfigurationPlatforms) = postSolution
		{41F678EB-BE6A-4752-8CBB-391F3511409D}.Debug|x64.ActiveCfg = Debug|x64
		{41F678EB-BE6A-4752-8CBB-391F3511409D}.Debug|x64.Build.0 = Debug|x64
		{41F678EB-BE6A-4752-8CBB-391F3511409D}.Debug|x86.ActiveCfg = Debug|Win32
		{41F678EB-BE6A-4752-8CBB-391F3511409D}.Debug|x86.Build.0 = Debug|Win32
		{41F678EB-BE6A-4752-8CBB-391F3511409D}.Release|x64.ActiveCfg = Release|x64
		{41F678EB-BE6A-4752-8CBB-391F3511409D}.Release|x64.Build.0 = Release|x64
		{41F678EB-BE6A-4752-8CBB-391F3511409D}.Release|x86.ActiveCfg = Release|Win32
		{41F678EB-BE6A-4752-8CBB-391F3511409D}.Release|x86.Build.0 = Release|Win32
		{028C84A6-A299-410D-81E1-0CB7C49AA03F}.Debug|x64.ActiveCfg = Debug|x64
		{028C84A6-A299-410D-81E1-0CB7C49AA03F}.Debug|x64.Build.0 = Debug|x64
		{028C84A6-A299-410D-81E1-0CB7C49AA03F}.Debug|x86.ActiveCfg = Debug|Win32
		{028C84A6-A299-410D-81E1-0CB7C49AA03F}.Debug|x86.Build.0 = Debug|Win32
		{028C84A6-A299-410D-81E1-0CB7C49AA03F}.Release|x64.ActiveCfg = Release|x64
		{028C84A6-A299-410D-81E1-0CB7C49AA03F}.Release|x64.Build.0 = Release|x64
		{028C84A6-A299-410D-81E1-0CB7C49AA03F}.Release|x86.ActiveCfg = Release|Win32
		{028C84A6-A299-410D-81E1-0CB7C49AA03F}.Release|x86.Build.0 = Release|Win32
	EndGlobalSection
	GlobalSection(SolutionProperties) = preSolution
		HideSolutionNode = FALSE
	EndGlobalSection
	GlobalSection(ExtensibilityGlobals) = postSolution
		SolutionGuid = {9787EEEC-885B-45AE-8C9F-D4855CE49B67}
	EndGlobalSection
EndGlobal
